// !$*UTF8*$!
{
	archiveVersion = 1;
	classes = {
	};
	objectVersion = 46;
	objects = {

/* Begin PBXBuildFile section */
		14E5BB6E1AB922450058CB92 /* main.m in Sources */ = {isa = PBXBuildFile; fileRef = 14E5BB6D1AB922450058CB92 /* main.m */; };
		14E5BB711AB922450058CB92 /* AppDelegate.m in Sources */ = {isa = PBXBuildFile; fileRef = 14E5BB701AB922450058CB92 /* AppDelegate.m */; };
		14E5BB741AB922450058CB92 /* ViewController.m in Sources */ = {isa = PBXBuildFile; fileRef = 14E5BB731AB922450058CB92 /* ViewController.m */; };
		14E5BB771AB922460058CB92 /* Main.storyboard in Resources */ = {isa = PBXBuildFile; fileRef = 14E5BB751AB922460058CB92 /* Main.storyboard */; };
		14E5BB791AB922460058CB92 /* Images.xcassets in Resources */ = {isa = PBXBuildFile; fileRef = 14E5BB781AB922460058CB92 /* Images.xcassets */; };
		14E5BB7C1AB922460058CB92 /* LaunchScreen.xib in Resources */ = {isa = PBXBuildFile; fileRef = 14E5BB7A1AB922460058CB92 /* LaunchScreen.xib */; };
/* End PBXBuildFile section */

/* Begin PBXFileReference section */
		14E5BB681AB922450058CB92 /* AirSpring.app */ = {isa = PBXFileReference; explicitFileType = wrapper.application; includeInIndex = 0; path = AirSpring.app; sourceTree = BUILT_PRODUCTS_DIR; };
		14E5BB6C1AB922450058CB92 /* Info.plist */ = {isa = PBXFileReference; lastKnownFileType = text.plist.xml; path = Info.plist; sourceTree = "<group>"; };
		14E5BB6D1AB922450058CB92 /* main.m */ = {isa = PBXFileReference; lastKnownFileType = sourcecode.c.objc; path = main.m; sourceTree = "<group>"; };
		14E5BB6F1AB922450058CB92 /* AppDelegate.h */ = {isa = PBXFileReference; lastKnownFileType = sourcecode.c.h; path = AppDelegate.h; sourceTree = "<group>"; };
		14E5BB701AB922450058CB92 /* AppDelegate.m */ = {isa = PBXFileReference; lastKnownFileType = sourcecode.c.objc; path = AppDelegate.m; sourceTree = "<group>"; };
		14E5BB721AB922450058CB92 /* ViewController.h */ = {isa = PBXFileReference; lastKnownFileType = sourcecode.c.h; path = ViewController.h; sourceTree = "<group>"; };
		14E5BB731AB922450058CB92 /* ViewController.m */ = {isa = PBXFileReference; lastKnownFileType = sourcecode.c.objc; path = ViewController.m; sourceTree = "<group>"; };
		14E5BB761AB922460058CB92 /* Base */ = {isa = PBXFileReference; lastKnownFileType = file.storyboard; name = Base; path = Base.lproj/Main.storyboard; sourceTree = "<group>"; };
		14E5BB781AB922460058CB92 /* Images.xcassets */ = {isa = PBXFileReference; lastKnownFileType = folder.assetcatalog; path = Images.xcassets; sourceTree = "<group>"; };
		14E5BB7B1AB922460058CB92 /* Base */ = {isa = PBXFileReference; lastKnownFileType = file.xib; name = Base; path = Base.lproj/LaunchScreen.xib; sourceTree = "<group>"; };
/* End PBXFileReference section */

/* Begin PBXFrameworksBuildPhase section */
		14E5BB651AB922450058CB92 /* Frameworks */ = {
			isa = PBXFrameworksBuildPhase;
			buildActionMask = 2147483647;
			files = (
			);
			runOnlyForDeploymentPostprocessing = 0;
		};
/* End PBXFrameworksBuildPhase section */

/* Begin PBXGroup section */
		14E5BB5F1AB922450058CB92 = {
			isa = PBXGroup;
			children = (
				14E5BB6A1AB922450058CB92 /* AirSpring */,
				14E5BB691AB922450058CB92 /* Products */,
			);
			sourceTree = "<group>";
		};
		14E5BB691AB922450058CB92 /* Products */ = {
			isa = PBXGroup;
			children = (
				14E5BB681AB922450058CB92 /* AirSpring.app */,
			);
			name = Products;
			sourceTree = "<group>";
		};
		14E5BB6A1AB922450058CB92 /* AirSpring */ = {
			isa = PBXGroup;
			children = (
				14E5BB6F1AB922450058CB92 /* AppDelegate.h */,
				14E5BB701AB922450058CB92 /* AppDelegate.m */,
				14E5BB721AB922450058CB92 /* ViewController.h */,
				14E5BB731AB922450058CB92 /* ViewController.m */,
				14E5BB751AB922460058CB92 /* Main.storyboard */,
				14E5BB781AB922460058CB92 /* Images.xcassets */,
				14E5BB7A1AB922460058CB92 /* LaunchScreen.xib */,
				14E5BB6B1AB922450058CB92 /* Supporting Files */,
			);
			path = AirSpring;
			sourceTree = "<group>";
		};
		14E5BB6B1AB922450058CB92 /* Supporting Files */ = {
			isa = PBXGroup;
			children = (
				14E5BB6C1AB922450058CB92 /* Info.plist */,
				14E5BB6D1AB922450058CB92 /* main.m */,
			);
			name = "Supporting Files";
			sourceTree = "<group>";
		};
/* End PBXGroup section */

/* Begin PBXNativeTarget section */
		14E5BB671AB922450058CB92 /* AirSpring */ = {
			isa = PBXNativeTarget;
			buildConfigurationList = 14E5BB8B1AB922460058CB92 /* Build configuration list for PBXNativeTarget "AirSpring" */;
			buildPhases = (
				14E5BB641AB922450058CB92 /* Sources */,
				14E5BB651AB922450058CB92 /* Frameworks */,
				14E5BB661AB922450058CB92 /* Resources */,
			);
			buildRules = (
			);
			dependencies = (
			);
			name = AirSpring;
			productName = AirSpring;
			productReference = 14E5BB681AB922450058CB92 /* AirSpring.app */;
			productType = "com.apple.product-type.application";
		};
/* End PBXNativeTarget section */

/* Begin PBXProject section */
		14E5BB601AB922450058CB92 /* Project object */ = {
			isa = PBXProject;
			attributes = {
				LastUpgradeCheck = 0610;
				ORGANIZATIONNAME = "Let's Blum It!";
				TargetAttributes = {
					14E5BB671AB922450058CB92 = {
						CreatedOnToolsVersion = 6.1.1;
						DevelopmentTeam = PB572UCLN9;
					};
				};
			};
			buildConfigurationList = 14E5BB631AB922450058CB92 /* Build configuration list for PBXProject "AirSpring" */;
			compatibilityVersion = "Xcode 3.2";
			developmentRegion = English;
			hasScannedForEncodings = 0;
			knownRegions = (
				en,
				Base,
			);
			mainGroup = 14E5BB5F1AB922450058CB92;
			productRefGroup = 14E5BB691AB922450058CB92 /* Products */;
			projectDirPath = "";
			projectRoot = "";
			targets = (
				14E5BB671AB922450058CB92 /* AirSpring */,
			);
		};
/* End PBXProject section */

/* Begin PBXResourcesBuildPhase section */
		14E5BB661AB922450058CB92 /* Resources */ = {
			isa = PBXResourcesBuildPhase;
			buildActionMask = 2147483647;
			files = (
				14E5BB771AB922460058CB92 /* Main.storyboard in Resources */,
				14E5BB7C1AB922460058CB92 /* LaunchScreen.xib in Resources */,
				14E5BB791AB922460058CB92 /* Images.xcassets in Resources */,
			);
			runOnlyForDeploymentPostprocessing = 0;
		};
/* End PBXResourcesBuildPhase section */

/* Begin PBXSourcesBuildPhase section */
		14E5BB641AB922450058CB92 /* Sources */ = {
			isa = PBXSourcesBuildPhase;
			buildActionMask = 2147483647;
			files = (
				14E5BB741AB922450058CB92 /* ViewController.m in Sources */,
				14E5BB711AB922450058CB92 /* AppDelegate.m in Sources */,
				14E5BB6E1AB922450058CB92 /* main.m in Sources */,
			);
			runOnlyForDeploymentPostprocessing = 0;
		};
/* End PBXSourcesBuildPhase section */

/* Begin PBXVariantGroup section */
		14E5BB751AB922460058CB92 /* Main.storyboard */ = {
			isa = PBXVariantGroup;
			children = (
				14E5BB761AB922460058CB92 /* Base */,
			);
			name = Main.storyboard;
			sourceTree = "<group>";
		};
		14E5BB7A1AB922460058CB92 /* LaunchScreen.xib */ = {
			isa = PBXVariantGroup;
			children = (
				14E5BB7B1AB922460058CB92 /* Base */,
			);
			name = LaunchScreen.xib;
			sourceTree = "<group>";
		};
/* End PBXVariantGroup section */

/* Begin XCBuildConfiguration section */
		14E5BB891AB922460058CB92 /* Debug */ = {
			isa = XCBuildConfiguration;
			buildSettings = {
				ALWAYS_SEARCH_USER_PATHS = NO;
				CLANG_CXX_LANGUAGE_STANDARD = "gnu++0x";
				CLANG_CXX_LIBRARY = "libc++";
				CLANG_ENABLE_MODULES = YES;
				CLANG_ENABLE_OBJC_ARC = YES;
				CLANG_WARN_BOOL_CONVERSION = YES;
				CLANG_WARN_CONSTANT_CONVERSION = YES;
				CLANG_WARN_DIRECT_OBJC_ISA_USAGE = YES_ERROR;
				CLANG_WARN_EMPTY_BODY = YES;
				CLANG_WARN_ENUM_CONVERSION = YES;
				CLANG_WARN_INT_CONVERSION = YES;
				CLANG_WARN_OBJC_ROOT_CLASS = YES_ERROR;
				CLANG_WARN_UNREACHABLE_CODE = YES;
				CLANG_WARN__DUPLICATE_METHOD_MATCH = YES;
				"CODE_SIGN_IDENTITY[sdk=iphoneos*]" = "iPhone Developer";
				COPY_PHASE_STRIP = NO;
				ENABLE_STRICT_OBJC_MSGSEND = YES;
				GCC_C_LANGUAGE_STANDARD = gnu99;
				GCC_DYNAMIC_NO_PIC = NO;
				GCC_OPTIMIZATION_LEVEL = 0;
				GCC_PREPROCESSOR_DEFINITIONS = (
					"DEBUG=1",
					"$(inherited)",
				);
				GCC_SYMBOLS_PRIVATE_EXTERN = NO;
				GCC_WARN_64_TO_32_BIT_CONVERSION = YES;
				GCC_WARN_ABOUT_RETURN_TYPE = YES_ERROR;
				GCC_WARN_UNDECLARED_SELECTOR = YES;
				GCC_WARN_UNINITIALIZED_AUTOS = YES_AGGRESSIVE;
				GCC_WARN_UNUSED_FUNCTION = YES;
				GCC_WARN_UNUSED_VARIABLE = YES;
				IPHONEOS_DEPLOYMENT_TARGET = 8.1;
				MTL_ENABLE_DEBUG_INFO = YES;
				ONLY_ACTIVE_ARCH = YES;
				SDKROOT = iphoneos;
				TARGETED_DEVICE_FAMILY = 2;
			};
			name = Debug;
		};
		14E5BB8A1AB922460058CB92 /* Release */ = {
			isa = XCBuildConfiguration;
			buildSettings = {
				ALWAYS_SEARCH_USER_PATHS = NO;
				CLANG_CXX_LANGUAGE_STANDARD = "gnu++0x";
				CLANG_CXX_LIBRARY = "libc++";
				CLANG_ENABLE_MODULES = YES;
				CLANG_ENABLE_OBJC_ARC = YES;
				CLANG_WARN_BOOL_CONVERSION = YES;
				CLANG_WARN_CONSTANT_CONVERSION = YES;
				CLANG_WARN_DIRECT_OBJC_ISA_USAGE = YES_ERROR;
				CLANG_WARN_EMPTY_BODY = YES;
				CLANG_WARN_ENUM_CONVERSION = YES;
				CLANG_WARN_INT_CONVERSION = YES;
				CLANG_WARN_OBJC_ROOT_CLASS = YES_ERROR;
				CLANG_WARN_UNREACHABLE_CODE = YES;
				CLANG_WARN__DUPLICATE_METHOD_MATCH = YES;
				"CODE_SIGN_IDENTITY[sdk=iphoneos*]" = "iPhone Developer";
				COPY_PHASE_STRIP = YES;
				ENABLE_NS_ASSERTIONS = NO;
				ENABLE_STRICT_OBJC_MSGSEND = YES;
				GCC_C_LANGUAGE_STANDARD = gnu99;
				GCC_WARN_64_TO_32_BIT_CONVERSION = YES;
				GCC_WARN_ABOUT_RETURN_TYPE = YES_ERROR;
				GCC_WARN_UNDECLARED_SELECTOR = YES;
				GCC_WARN_UNINITIALIZED_AUTOS = YES_AGGRESSIVE;
				GCC_WARN_UNUSED_FUNCTION = YES;
				GCC_WARN_UNUSED_VARIABLE = YES;
				IPHONEOS_DEPLOYMENT_TARGET = 8.1;
				MTL_ENABLE_DEBUG_INFO = NO;
				SDKROOT = iphoneos;
				TARGETED_DEVICE_FAMILY = 2;
				VALIDATE_PRODUCT = YES;
			};
			name = Release;
		};
		14E5BB8C1AB922460058CB92 /* Debug */ = {
			isa = XCBuildConfiguration;
			buildSettings = {
				ASSETCATALOG_COMPILER_APPICON_NAME = AppIcon;
				CODE_SIGN_IDENTITY = "iPhone Developer: Mariano Mejia (7PAWTM6KZZ)";
				"CODE_SIGN_IDENTITY[sdk=iphoneos*]" = "iPhone Developer: Mariano Mejia (7PAWTM6KZZ)";
				INFOPLIST_FILE = AirSpring/Info.plist;
				IPHONEOS_DEPLOYMENT_TARGET = 7.1;
				LD_RUNPATH_SEARCH_PATHS = "$(inherited) @executable_path/Frameworks";
				PRODUCT_NAME = "$(TARGET_NAME)";
				PROVISIONING_PROFILE = "22fc75ff-b5dd-4740-90fa-7ea27ed6787a";
			};
			name = Debug;
		};
		14E5BB8D1AB922460058CB92 /* Release */ = {
			isa = XCBuildConfiguration;
			buildSettings = {
				ASSETCATALOG_COMPILER_APPICON_NAME = AppIcon;
				CODE_SIGN_IDENTITY = "iPhone Developer: Mariano Mejia (7PAWTM6KZZ)";
				"CODE_SIGN_IDENTITY[sdk=iphoneos*]" = "iPhone Developer: Mariano Mejia (7PAWTM6KZZ)";
				INFOPLIST_FILE = AirSpring/Info.plist;
				IPHONEOS_DEPLOYMENT_TARGET = 7.1;
				LD_RUNPATH_SEARCH_PATHS = "$(inherited) @executable_path/Frameworks";
				PRODUCT_NAME = "$(TARGET_NAME)";
				PROVISIONING_PROFILE = "22fc75ff-b5dd-4740-90fa-7ea27ed6787a";
			};
			name = Release;
		};
/* End XCBuildConfiguration section */

/* Begin XCConfigurationList section */
		14E5BB631AB922450058CB92 /* Build configuration list for PBXProject "AirSpring" */ = {
			isa = XCConfigurationList;
			buildConfigurations = (
				14E5BB891AB922460058CB92 /* Debug */,
				14E5BB8A1AB922460058CB92 /* Release */,
			);
			defaultConfigurationIsVisible = 0;
			defaultConfigurationName = Release;
		};
		14E5BB8B1AB922460058CB92 /* Build configuration list for PBXNativeTarget "AirSpring" */ = {
			isa = XCConfigurationList;
			buildConfigurations = (
				14E5BB8C1AB922460058CB92 /* Debug */,
				14E5BB8D1AB922460058CB92 /* Release */,
			);
			defaultConfigurationIsVisible = 0;
			defaultConfigurationName = Release;
		};
/* End XCConfigurationList section */
	};
	rootObject = 14E5BB601AB922450058CB92 /* Project object */;
}
